
Microsoft Visual Studio Solution File, Format Version 12.00
# Visual Studio Version 17
VisualStudioVersion = 17.0.31903.59
MinimumVisualStudioVersion = 10.0.40219.1
# Project("{FAE04EC0-301F-11D3-BF4B-00C04F79EFBC}") = "GameServerApp1", "GameServerApp1\GameServerApp1.csproj", "{62D479F5-2BEF-40EC-8FEC-A3B8E2FFDC75}"
# EndProject
Project("{FAE04EC0-301F-11D3-BF4B-00C04F79EFBC}") = "SharedLibrary", "SharedLibrary\SharedLibrary.csproj", "{8E286BB6-8EDB-4B2E-A3E1-22E8AD9E35A2}"
EndProject
Project("{FAE04EC0-301F-11D3-BF4B-00C04F79EFBC}") = "GameServerApp", "GameServerApp\GameServerApp.csproj", "{6851A631-A520-484D-8D7E-89E8B50B4B2E}"
EndProject
Global
	GlobalSection(SolutionConfigurationPlatforms) = preSolution
		Debug|Any CPU = Debug|Any CPU
		Release|Any CPU = Release|Any CPU
	EndGlobalSection
	GlobalSection(ProjectConfigurationPlatforms) = postSolution
		{62D479F5-2BEF-40EC-8FEC-A3B8E2FFDC75}.Debug|Any CPU.ActiveCfg = Debug|Any CPU
		{62D479F5-2BEF-40EC-8FEC-A3B8E2FFDC75}.Debug|Any CPU.Build.0 = Debug|Any CPU
		{62D479F5-2BEF-40EC-8FEC-A3B8E2FFDC75}.Release|Any CPU.ActiveCfg = Release|Any CPU
		{62D479F5-2BEF-40EC-8FEC-A3B8E2FFDC75}.Release|Any CPU.Build.0 = Release|Any CPU
		{8E286BB6-8EDB-4B2E-A3E1-22E8AD9E35A2}.Debug|Any CPU.ActiveCfg = Debug|Any CPU
		{8E286BB6-8EDB-4B2E-A3E1-22E8AD9E35A2}.Debug|Any CPU.Build.0 = Debug|Any CPU
		{8E286BB6-8EDB-4B2E-A3E1-22E8AD9E35A2}.Release|Any CPU.ActiveCfg = Release|Any CPU
		{8E286BB6-8EDB-4B2E-A3E1-22E8AD9E35A2}.Release|Any CPU.Build.0 = Release|Any CPU
		{6851A631-A520-484D-8D7E-89E8B50B4B2E}.Debug|Any CPU.ActiveCfg = Debug|Any CPU
		{6851A631-A520-484D-8D7E-89E8B50B4B2E}.Debug|Any CPU.Build.0 = Debug|Any CPU
		{6851A631-A520-484D-8D7E-89E8B50B4B2E}.Release|Any CPU.ActiveCfg = Release|Any CPU
		{6851A631-A520-484D-8D7E-89E8B50B4B2E}.Release|Any CPU.Build.0 = Release|Any CPU
	EndGlobalSection
	GlobalSection(SolutionProperties) = preSolution
		HideSolutionNode = FALSE
	EndGlobalSection
EndGlobal
